{
  "requires": true,
  "lockfileVersion": 1,
  "dependencies": {
    "express-recaptcha": {
      "version": "5.0.1",
      "resolved": "https://registry.npmjs.org/express-recaptcha/-/express-recaptcha-5.0.1.tgz",
      "integrity": "sha512-nvPctkHtQoKuigPnVMnAyO8IRDPN4gmIugRq921FWS88liM/3Cd3XRx618pXCsZfFl7pEQkzfx0F6d03RDnu9A=="
    }
  }
}
